
Microsoft Visual Studio Solution File, Format Version 12.00
# Visual Studio 15
VisualStudioVersion = 15.0.28307.1062
MinimumVisualStudioVersion = 10.0.40219.1
Project("{FAE04EC0-301F-11D3-BF4B-00C04F79EFBC}") = "DuplexClient", "DuplexClient\DuplexClient.csproj", "{DD22AAA7-4250-4A10-9652-8B7A6B94F7A0}"
EndProject
Global
	GlobalSection(SolutionConfigurationPlatforms) = preSolution
		Debug|Any CPU = Debug|Any CPU
		Release|Any CPU = Release|Any CPU
	EndGlobalSection
	GlobalSection(ProjectConfigurationPlatforms) = postSolution
		{DD22AAA7-4250-4A10-9652-8B7A6B94F7A0}.Debug|Any CPU.ActiveCfg = Debug|Any CPU
		{DD22AAA7-4250-4A10-9652-8B7A6B94F7A0}.Debug|Any CPU.Build.0 = Debug|Any CPU
		{DD22AAA7-4250-4A10-9652-8B7A6B94F7A0}.Release|Any CPU.ActiveCfg = Release|Any CPU
		{DD22AAA7-4250-4A10-9652-8B7A6B94F7A0}.Release|Any CPU.Build.0 = Release|Any CPU
	EndGlobalSection
	GlobalSection(SolutionProperties) = preSolution
		HideSolutionNode = FALSE
	EndGlobalSection
	GlobalSection(ExtensibilityGlobals) = postSolution
		SolutionGuid = {F146B46F-B6A5-4EB2-A4FE-5289682E6A7E}
	EndGlobalSection
EndGlobal
