
Microsoft Visual Studio Solution File, Format Version 12.00
# Visual Studio 15
VisualStudioVersion = 15.0.28307.1062
MinimumVisualStudioVersion = 10.0.40219.1
Project("{FAE04EC0-301F-11D3-BF4B-00C04F79EFBC}") = "ReportServices", "ReportServices\ReportServices.csproj", "{C4DD0E77-E4C3-4780-8322-99055F29FCC1}"
EndProject
Project("{FAE04EC0-301F-11D3-BF4B-00C04F79EFBC}") = "Host", "Host\Host.csproj", "{745427FB-0CAE-4C96-B0E6-E82F4609F0FE}"
EndProject
Global
	GlobalSection(SolutionConfigurationPlatforms) = preSolution
		Debug|Any CPU = Debug|Any CPU
		Release|Any CPU = Release|Any CPU
	EndGlobalSection
	GlobalSection(ProjectConfigurationPlatforms) = postSolution
		{C4DD0E77-E4C3-4780-8322-99055F29FCC1}.Debug|Any CPU.ActiveCfg = Debug|Any CPU
		{C4DD0E77-E4C3-4780-8322-99055F29FCC1}.Debug|Any CPU.Build.0 = Debug|Any CPU
		{C4DD0E77-E4C3-4780-8322-99055F29FCC1}.Release|Any CPU.ActiveCfg = Release|Any CPU
		{C4DD0E77-E4C3-4780-8322-99055F29FCC1}.Release|Any CPU.Build.0 = Release|Any CPU
		{745427FB-0CAE-4C96-B0E6-E82F4609F0FE}.Debug|Any CPU.ActiveCfg = Debug|Any CPU
		{745427FB-0CAE-4C96-B0E6-E82F4609F0FE}.Debug|Any CPU.Build.0 = Debug|Any CPU
		{745427FB-0CAE-4C96-B0E6-E82F4609F0FE}.Release|Any CPU.ActiveCfg = Release|Any CPU
		{745427FB-0CAE-4C96-B0E6-E82F4609F0FE}.Release|Any CPU.Build.0 = Release|Any CPU
	EndGlobalSection
	GlobalSection(SolutionProperties) = preSolution
		HideSolutionNode = FALSE
	EndGlobalSection
	GlobalSection(ExtensibilityGlobals) = postSolution
		SolutionGuid = {2B14FA79-395E-43C3-A99E-F09912E7336A}
	EndGlobalSection
EndGlobal
